// !$*UTF8*$!
{
	archiveVersion = 1;
	classes = {
	};
	objectVersion = 46;
	objects = {

/* Begin PBXBuildFile section */
		635EE9C51DDB9AB200EEA54A /* AppDelegate.swift in Sources */ = {isa = PBXBuildFile; fileRef = 635EE9C41DDB9AB200EEA54A /* AppDelegate.swift */; };
		635EE9CC1DDB9AB200EEA54A /* Assets.xcassets in Resources */ = {isa = PBXBuildFile; fileRef = 635EE9CB1DDB9AB200EEA54A /* Assets.xcassets */; };
		635EE9CF1DDB9AB200EEA54A /* LaunchScreen.storyboard in Resources */ = {isa = PBXBuildFile; fileRef = 635EE9CD1DDB9AB200EEA54A /* LaunchScreen.storyboard */; };
		635EE9D81DDB9ADD00EEA54A /* SunViewController.swift in Sources */ = {isa = PBXBuildFile; fileRef = 635EE9D61DDB9ADD00EEA54A /* SunViewController.swift */; };
		635EE9D91DDB9ADD00EEA54A /* SunView.swift in Sources */ = {isa = PBXBuildFile; fileRef = 635EE9D71DDB9ADD00EEA54A /* SunView.swift */; };
/* End PBXBuildFile section */

/* Begin PBXFileReference section */
		635EE9C11DDB9AB200EEA54A /* FunSun.app */ = {isa = PBXFileReference; explicitFileType = wrapper.application; includeInIndex = 0; path = FunSun.app; sourceTree = BUILT_PRODUCTS_DIR; };
		635EE9C41DDB9AB200EEA54A /* AppDelegate.swift */ = {isa = PBXFileReference; lastKnownFileType = sourcecode.swift; path = AppDelegate.swift; sourceTree = "<group>"; };
		635EE9CB1DDB9AB200EEA54A /* Assets.xcassets */ = {isa = PBXFileReference; lastKnownFileType = folder.assetcatalog; path = Assets.xcassets; sourceTree = "<group>"; };
		635EE9CE1DDB9AB200EEA54A /* Base */ = {isa = PBXFileReference; lastKnownFileType = file.storyboard; name = Base; path = Base.lproj/LaunchScreen.storyboard; sourceTree = "<group>"; };
		635EE9D01DDB9AB200EEA54A /* Info.plist */ = {isa = PBXFileReference; lastKnownFileType = text.plist.xml; path = Info.plist; sourceTree = "<group>"; };
		635EE9D61DDB9ADD00EEA54A /* SunViewController.swift */ = {isa = PBXFileReference; fileEncoding = 4; lastKnownFileType = sourcecode.swift; path = SunViewController.swift; sourceTree = "<group>"; };
		635EE9D71DDB9ADD00EEA54A /* SunView.swift */ = {isa = PBXFileReference; fileEncoding = 4; lastKnownFileType = sourcecode.swift; path = SunView.swift; sourceTree = "<group>"; };
/* End PBXFileReference section */

/* Begin PBXFrameworksBuildPhase section */
		635EE9BE1DDB9AB200EEA54A /* Frameworks */ = {
			isa = PBXFrameworksBuildPhase;
			buildActionMask = 2147483647;
			files = (
			);
			runOnlyForDeploymentPostprocessing = 0;
		};
/* End PBXFrameworksBuildPhase section */

/* Begin PBXGroup section */
		635EE9B81DDB9AB200EEA54A = {
			isa = PBXGroup;
			children = (
				635EE9C31DDB9AB200EEA54A /* FunSun */,
				635EE9C21DDB9AB200EEA54A /* Products */,
			);
			sourceTree = "<group>";
		};
		635EE9C21DDB9AB200EEA54A /* Products */ = {
			isa = PBXGroup;
			children = (
				635EE9C11DDB9AB200EEA54A /* FunSun.app */,
			);
			name = Products;
			sourceTree = "<group>";
		};
		635EE9C31DDB9AB200EEA54A /* FunSun */ = {
			isa = PBXGroup;
			children = (
				635EE9C41DDB9AB200EEA54A /* AppDelegate.swift */,
				635EE9D61DDB9ADD00EEA54A /* SunViewController.swift */,
				635EE9D71DDB9ADD00EEA54A /* SunView.swift */,
				635EE9CB1DDB9AB200EEA54A /* Assets.xcassets */,
				635EE9CD1DDB9AB200EEA54A /* LaunchScreen.storyboard */,
				635EE9D01DDB9AB200EEA54A /* Info.plist */,
			);
			path = FunSun;
			sourceTree = "<group>";
		};
/* End PBXGroup section */

/* Begin PBXNativeTarget section */
		635EE9C01DDB9AB200EEA54A /* FunSun */ = {
			isa = PBXNativeTarget;
			buildConfigurationList = 635EE9D31DDB9AB200EEA54A /* Build configuration list for PBXNativeTarget "FunSun" */;
			buildPhases = (
				635EE9BD1DDB9AB200EEA54A /* Sources */,
				635EE9BE1DDB9AB200EEA54A /* Frameworks */,
				635EE9BF1DDB9AB200EEA54A /* Resources */,
			);
			buildRules = (
			);
			dependencies = (
			);
			name = FunSun;
			productName = FunSun;
			productReference = 635EE9C11DDB9AB200EEA54A /* FunSun.app */;
			productType = "com.apple.product-type.application";
		};
/* End PBXNativeTarget section */

/* Begin PBXProject section */
		635EE9B91DDB9AB200EEA54A /* Project object */ = {
			isa = PBXProject;
			attributes = {
				LastSwiftUpdateCheck = 0810;
				LastUpgradeCheck = 0810;
				ORGANIZATIONNAME = NelsonJE;
				TargetAttributes = {
					635EE9C01DDB9AB200EEA54A = {
						CreatedOnToolsVersion = 8.1;
						DevelopmentTeam = 2RF92UCMKX;
						ProvisioningStyle = Automatic;
					};
				};
			};
			buildConfigurationList = 635EE9BC1DDB9AB200EEA54A /* Build configuration list for PBXProject "FunSun" */;
			compatibilityVersion = "Xcode 3.2";
			developmentRegion = English;
			hasScannedForEncodings = 0;
			knownRegions = (
				en,
				Base,
			);
			mainGroup = 635EE9B81DDB9AB200EEA54A;
			productRefGroup = 635EE9C21DDB9AB200EEA54A /* Products */;
			projectDirPath = "";
			projectRoot = "";
			targets = (
				635EE9C01DDB9AB200EEA54A /* FunSun */,
			);
		};
/* End PBXProject section */

/* Begin PBXResourcesBuildPhase section */
		635EE9BF1DDB9AB200EEA54A /* Resources */ = {
			isa = PBXResourcesBuildPhase;
			buildActionMask = 2147483647;
			files = (
				635EE9CF1DDB9AB200EEA54A /* LaunchScreen.storyboard in Resources */,
				635EE9CC1DDB9AB200EEA54A /* Assets.xcassets in Resources */,
			);
			runOnlyForDeploymentPostprocessing = 0;
		};
/* End PBXResourcesBuildPhase section */

/* Begin PBXSourcesBuildPhase section */
		635EE9BD1DDB9AB200EEA54A /* Sources */ = {
			isa = PBXSourcesBuildPhase;
			buildActionMask = 2147483647;
			files = (
				635EE9C51DDB9AB200EEA54A /* AppDelegate.swift in Sources */,
				635EE9D91DDB9ADD00EEA54A /* SunView.swift in Sources */,
				635EE9D81DDB9ADD00EEA54A /* SunViewController.swift in Sources */,
			);
			runOnlyForDeploymentPostprocessing = 0;
		};
/* End PBXSourcesBuildPhase section */

/* Begin PBXVariantGroup section */
		635EE9CD1DDB9AB200EEA54A /* LaunchScreen.storyboard */ = {
			isa = PBXVariantGroup;
			children = (
				635EE9CE1DDB9AB200EEA54A /* Base */,
			);
			name = LaunchScreen.storyboard;
			sourceTree = "<group>";
		};
/* End PBXVariantGroup section */

/* Begin XCBuildConfiguration section */
		635EE9D11DDB9AB200EEA54A /* Debug */ = {
			isa = XCBuildConfiguration;
			buildSettings = {
				ALWAYS_SEARCH_USER_PATHS = NO;
				CLANG_ANALYZER_NONNULL = YES;
				CLANG_CXX_LANGUAGE_STANDARD = "gnu++0x";
				CLANG_CXX_LIBRARY = "libc++";
				CLANG_ENABLE_MODULES = YES;
				CLANG_ENABLE_OBJC_ARC = YES;
				CLANG_WARN_BOOL_CONVERSION = YES;
				CLANG_WARN_CONSTANT_CONVERSION = YES;
				CLANG_WARN_DIRECT_OBJC_ISA_USAGE = YES_ERROR;
				CLANG_WARN_DOCUMENTATION_COMMENTS = YES;
				CLANG_WARN_EMPTY_BODY = YES;
				CLANG_WARN_ENUM_CONVERSION = YES;
				CLANG_WARN_INFINITE_RECURSION = YES;
				CLANG_WARN_INT_CONVERSION = YES;
				CLANG_WARN_OBJC_ROOT_CLASS = YES_ERROR;
				CLANG_WARN_SUSPICIOUS_MOVES = YES;
				CLANG_WARN_UNREACHABLE_CODE = YES;
				CLANG_WARN__DUPLICATE_METHOD_MATCH = YES;
				"CODE_SIGN_IDENTITY[sdk=iphoneos*]" = "iPhone Developer";
				COPY_PHASE_STRIP = NO;
				DEBUG_INFORMATION_FORMAT = dwarf;
				ENABLE_STRICT_OBJC_MSGSEND = YES;
				ENABLE_TESTABILITY = YES;
				GCC_C_LANGUAGE_STANDARD = gnu99;
				GCC_DYNAMIC_NO_PIC = NO;
				GCC_NO_COMMON_BLOCKS = YES;
				GCC_OPTIMIZATION_LEVEL = 0;
				GCC_PREPROCESSOR_DEFINITIONS = (
					"DEBUG=1",
					"$(inherited)",
				);
				GCC_WARN_64_TO_32_BIT_CONVERSION = YES;
				GCC_WARN_ABOUT_RETURN_TYPE = YES_ERROR;
				GCC_WARN_UNDECLARED_SELECTOR = YES;
				GCC_WARN_UNINITIALIZED_AUTOS = YES_AGGRESSIVE;
				GCC_WARN_UNUSED_FUNCTION = YES;
				GCC_WARN_UNUSED_VARIABLE = YES;
				IPHONEOS_DEPLOYMENT_TARGET = 10.1;
				MTL_ENABLE_DEBUG_INFO = YES;
				ONLY_ACTIVE_ARCH = YES;
				SDKROOT = iphoneos;
				SWIFT_ACTIVE_COMPILATION_CONDITIONS = DEBUG;
				SWIFT_OPTIMIZATION_LEVEL = "-Onone";
			};
			name = Debug;
		};
		635EE9D21DDB9AB200EEA54A /* Release */ = {
			isa = XCBuildConfiguration;
			buildSettings = {
				ALWAYS_SEARCH_USER_PATHS = NO;
				CLANG_ANALYZER_NONNULL = YES;
				CLANG_CXX_LANGUAGE_STANDARD = "gnu++0x";
				CLANG_CXX_LIBRARY = "libc++";
				CLANG_ENABLE_MODULES = YES;
				CLANG_ENABLE_OBJC_ARC = YES;
				CLANG_WARN_BOOL_CONVERSION = YES;
				CLANG_WARN_CONSTANT_CONVERSION = YES;
				CLANG_WARN_DIRECT_OBJC_ISA_USAGE = YES_ERROR;
				CLANG_WARN_DOCUMENTATION_COMMENTS = YES;
				CLANG_WARN_EMPTY_BODY = YES;
				CLANG_WARN_ENUM_CONVERSION = YES;
				CLANG_WARN_INFINITE_RECURSION = YES;
				CLANG_WARN_INT_CONVERSION = YES;
				CLANG_WARN_OBJC_ROOT_CLASS = YES_ERROR;
				CLANG_WARN_SUSPICIOUS_MOVES = YES;
				CLANG_WARN_UNREACHABLE_CODE = YES;
				CLANG_WARN__DUPLICATE_METHOD_MATCH = YES;
				"CODE_SIGN_IDENTITY[sdk=iphoneos*]" = "iPhone Developer";
				COPY_PHASE_STRIP = NO;
				DEBUG_INFORMATION_FORMAT = "dwarf-with-dsym";
				ENABLE_NS_ASSERTIONS = NO;
				ENABLE_STRICT_OBJC_MSGSEND = YES;
				GCC_C_LANGUAGE_STANDARD = gnu99;
				GCC_NO_COMMON_BLOCKS = YES;
				GCC_WARN_64_TO_32_BIT_CONVERSION = YES;
				GCC_WARN_ABOUT_RETURN_TYPE = YES_ERROR;
				GCC_WARN_UNDECLARED_SELECTOR = YES;
				GCC_WARN_UNINITIALIZED_AUTOS = YES_AGGRESSIVE;
				GCC_WARN_UNUSED_FUNCTION = YES;
				GCC_WARN_UNUSED_VARIABLE = YES;
				IPHONEOS_DEPLOYMENT_TARGET = 10.1;
				MTL_ENABLE_DEBUG_INFO = NO;
				SDKROOT = iphoneos;
				SWIFT_OPTIMIZATION_LEVEL = "-Owholemodule";
				VALIDATE_PRODUCT = YES;
			};
			name = Release;
		};
		635EE9D41DDB9AB200EEA54A /* Debug */ = {
			isa = XCBuildConfiguration;
			buildSettings = {
				ASSETCATALOG_COMPILER_APPICON_NAME = AppIcon;
				DEVELOPMENT_TEAM = 2RF92UCMKX;
				INFOPLIST_FILE = FunSun/Info.plist;
				LD_RUNPATH_SEARCH_PATHS = "$(inherited) @executable_path/Frameworks";
				PRODUCT_BUNDLE_IDENTIFIER = NelsonJE.FunSun;
				PRODUCT_NAME = "$(TARGET_NAME)";
				SWIFT_VERSION = 3.0;
			};
			name = Debug;
		};
		635EE9D51DDB9AB200EEA54A /* Release */ = {
			isa = XCBuildConfiguration;
			buildSettings = {
				ASSETCATALOG_COMPILER_APPICON_NAME = AppIcon;
				DEVELOPMENT_TEAM = 2RF92UCMKX;
				INFOPLIST_FILE = FunSun/Info.plist;
				LD_RUNPATH_SEARCH_PATHS = "$(inherited) @executable_path/Frameworks";
				PRODUCT_BUNDLE_IDENTIFIER = NelsonJE.FunSun;
				PRODUCT_NAME = "$(TARGET_NAME)";
				SWIFT_VERSION = 3.0;
			};
			name = Release;
		};
/* End XCBuildConfiguration section */

/* Begin XCConfigurationList section */
		635EE9BC1DDB9AB200EEA54A /* Build configuration list for PBXProject "FunSun" */ = {
			isa = XCConfigurationList;
			buildConfigurations = (
				635EE9D11DDB9AB200EEA54A /* Debug */,
				635EE9D21DDB9AB200EEA54A /* Release */,
			);
			defaultConfigurationIsVisible = 0;
			defaultConfigurationName = Release;
		};
		635EE9D31DDB9AB200EEA54A /* Build configuration list for PBXNativeTarget "FunSun" */ = {
			isa = XCConfigurationList;
			buildConfigurations = (
				635EE9D41DDB9AB200EEA54A /* Debug */,
				635EE9D51DDB9AB200EEA54A /* Release */,
			);
			defaultConfigurationIsVisible = 0;
		};
/* End XCConfigurationList section */
	};
	rootObject = 635EE9B91DDB9AB200EEA54A /* Project object */;
}
